
Microsoft Visual Studio Solution File, Format Version 12.00
# Visual Studio Version 16
VisualStudioVersion = 16.0.30804.86
MinimumVisualStudioVersion = 10.0.40219.1
Project("{FAE04EC0-301F-11D3-BF4B-00C04F79EFBC}") = "ZarAtmaOyunu", "ZarAtmaOyunu\ZarAtmaOyunu.csproj", "{8AAF2A88-F2FC-4CAE-9C46-B3E81BB28B6B}"
EndProject
Global
	GlobalSection(SolutionConfigurationPlatforms) = preSolution
		Debug|Any CPU = Debug|Any CPU
		Release|Any CPU = Release|Any CPU
	EndGlobalSection
	GlobalSection(ProjectConfigurationPlatforms) = postSolution
		{8AAF2A88-F2FC-4CAE-9C46-B3E81BB28B6B}.Debug|Any CPU.ActiveCfg = Debug|Any CPU
		{8AAF2A88-F2FC-4CAE-9C46-B3E81BB28B6B}.Debug|Any CPU.Build.0 = Debug|Any CPU
		{8AAF2A88-F2FC-4CAE-9C46-B3E81BB28B6B}.Release|Any CPU.ActiveCfg = Release|Any CPU
		{8AAF2A88-F2FC-4CAE-9C46-B3E81BB28B6B}.Release|Any CPU.Build.0 = Release|Any CPU
	EndGlobalSection
	GlobalSection(SolutionProperties) = preSolution
		HideSolutionNode = FALSE
	EndGlobalSection
	GlobalSection(ExtensibilityGlobals) = postSolution
		SolutionGuid = {BC5B8B7D-E126-46B7-A5F2-7726CE96FC10}
	EndGlobalSection
EndGlobal
